// !$*UTF8*$!
{
	archiveVersion = 1;
	classes = {
	};
	objectVersion = 55;
	objects = {

/* Begin PBXBuildFile section */
		721B4E4127AC057A003D7B8E /* WatchlistContainerUIKitView.swift in Sources */ = {isa = PBXBuildFile; fileRef = 721B4E4027AC057A003D7B8E /* WatchlistContainerUIKitView.swift */; };
		721B4E4327AC059E003D7B8E /* StockCell.swift in Sources */ = {isa = PBXBuildFile; fileRef = 721B4E4227AC059E003D7B8E /* StockCell.swift */; };
		721B4E4527AC05C9003D7B8E /* WatchlistTableViewController.swift in Sources */ = {isa = PBXBuildFile; fileRef = 721B4E4427AC05C9003D7B8E /* WatchlistTableViewController.swift */; };
		721B4E4727AC060D003D7B8E /* WatchlistContainerViewController.swift in Sources */ = {isa = PBXBuildFile; fileRef = 721B4E4627AC060D003D7B8E /* WatchlistContainerViewController.swift */; };
		721B4E4B27AC06BE003D7B8E /* SplittedWatchlist.storyboard in Resources */ = {isa = PBXBuildFile; fileRef = 721B4E4A27AC06BE003D7B8E /* SplittedWatchlist.storyboard */; };
		721B4E4D27AC20EC003D7B8E /* AutorefreshHostingController.swift in Sources */ = {isa = PBXBuildFile; fileRef = 721B4E4C27AC20EC003D7B8E /* AutorefreshHostingController.swift */; };
		7254FB7427A2B211007FBC13 /* StocksCore.h in Headers */ = {isa = PBXBuildFile; fileRef = 7254FB7327A2B211007FBC13 /* StocksCore.h */; settings = {ATTRIBUTES = (Public, ); }; };
		7254FB7727A2B211007FBC13 /* StocksCore.framework in Frameworks */ = {isa = PBXBuildFile; fileRef = 7254FB7127A2B211007FBC13 /* StocksCore.framework */; };
		7254FB7827A2B211007FBC13 /* StocksCore.framework in Embed Frameworks */ = {isa = PBXBuildFile; fileRef = 7254FB7127A2B211007FBC13 /* StocksCore.framework */; settings = {ATTRIBUTES = (CodeSignOnCopy, RemoveHeadersOnCopy, ); }; };
		7254FB7C27A2B24C007FBC13 /* Stock.swift in Sources */ = {isa = PBXBuildFile; fileRef = 72A8F8B427A18B7200B84CBD /* Stock.swift */; };
		7254FB7D27A2B251007FBC13 /* WatchlistProvider.swift in Sources */ = {isa = PBXBuildFile; fileRef = 72A8F8BE27A18FEC00B84CBD /* WatchlistProvider.swift */; };
		7254FB7E27A2B251007FBC13 /* WatchlistService.swift in Sources */ = {isa = PBXBuildFile; fileRef = 72DC8C1D279EF8E900ECB001 /* WatchlistService.swift */; };
		7254FB8727A2B36E007FBC13 /* StocksUI.h in Headers */ = {isa = PBXBuildFile; fileRef = 7254FB8627A2B36E007FBC13 /* StocksUI.h */; settings = {ATTRIBUTES = (Public, ); }; };
		7254FB8A27A2B36E007FBC13 /* StocksUI.framework in Frameworks */ = {isa = PBXBuildFile; fileRef = 7254FB8427A2B36E007FBC13 /* StocksUI.framework */; };
		7254FB8B27A2B36E007FBC13 /* StocksUI.framework in Embed Frameworks */ = {isa = PBXBuildFile; fileRef = 7254FB8427A2B36E007FBC13 /* StocksUI.framework */; settings = {ATTRIBUTES = (CodeSignOnCopy, RemoveHeadersOnCopy, ); }; };
		7254FB9027A2B38E007FBC13 /* WatchlistPresenter.swift in Sources */ = {isa = PBXBuildFile; fileRef = 72A8F8B827A18C0700B84CBD /* WatchlistPresenter.swift */; };
		7254FB9127A2B38E007FBC13 /* StockRowViewModel.swift in Sources */ = {isa = PBXBuildFile; fileRef = 72C0006427A089010008218E /* StockRowViewModel.swift */; };
		7254FB9227A2B38E007FBC13 /* WatchlistViewModel.swift in Sources */ = {isa = PBXBuildFile; fileRef = 72DC8C18279EF86F00ECB001 /* WatchlistViewModel.swift */; };
		7254FB9327A2B38E007FBC13 /* WatchlistView.swift in Sources */ = {isa = PBXBuildFile; fileRef = 72DC8C1A279EF87E00ECB001 /* WatchlistView.swift */; };
		7254FB9427A2B38E007FBC13 /* StockRow.swift in Sources */ = {isa = PBXBuildFile; fileRef = 72C0006027A088CB0008218E /* StockRow.swift */; };
		7254FB9627A2B3A9007FBC13 /* StocksCore.framework in Frameworks */ = {isa = PBXBuildFile; fileRef = 7254FB7127A2B211007FBC13 /* StocksCore.framework */; };
		7254FB9727A2B3A9007FBC13 /* StocksCore.framework in Embed Frameworks */ = {isa = PBXBuildFile; fileRef = 7254FB7127A2B211007FBC13 /* StocksCore.framework */; settings = {ATTRIBUTES = (CodeSignOnCopy, RemoveHeadersOnCopy, ); }; };
		7254FB9C27A2B522007FBC13 /* Watchlist+DevHelpers.swift in Sources */ = {isa = PBXBuildFile; fileRef = 72A8F8BC27A18CB300B84CBD /* Watchlist+DevHelpers.swift */; };
		7254FBA527A2B63E007FBC13 /* FinnhubClient.h in Headers */ = {isa = PBXBuildFile; fileRef = 7254FBA427A2B63E007FBC13 /* FinnhubClient.h */; settings = {ATTRIBUTES = (Public, ); }; };
		7254FBA827A2B63E007FBC13 /* FinnhubClient.framework in Frameworks */ = {isa = PBXBuildFile; fileRef = 7254FBA227A2B63E007FBC13 /* FinnhubClient.framework */; };
		7254FBA927A2B63E007FBC13 /* FinnhubClient.framework in Embed Frameworks */ = {isa = PBXBuildFile; fileRef = 7254FBA227A2B63E007FBC13 /* FinnhubClient.framework */; settings = {ATTRIBUTES = (CodeSignOnCopy, RemoveHeadersOnCopy, ); }; };
		7254FBAD27A2B64A007FBC13 /* FinnhubClient+Quote.swift in Sources */ = {isa = PBXBuildFile; fileRef = 72C0005A27A07EBC0008218E /* FinnhubClient+Quote.swift */; };
		7254FBAE27A2B64A007FBC13 /* FinnhubClient.swift in Sources */ = {isa = PBXBuildFile; fileRef = 72DC8C33279EFAB400ECB001 /* FinnhubClient.swift */; };
		7254FBAF27A2B65F007FBC13 /* Quote.swift in Sources */ = {isa = PBXBuildFile; fileRef = 72C0005427A040640008218E /* Quote.swift */; };
		7254FBB027A2B662007FBC13 /* HTTPError.swift in Sources */ = {isa = PBXBuildFile; fileRef = 72C0005827A078CA0008218E /* HTTPError.swift */; };
		7254FBB127A2B662007FBC13 /* JSONMapper.swift in Sources */ = {isa = PBXBuildFile; fileRef = 72C0005627A078BB0008218E /* JSONMapper.swift */; };
		7254FBB227A2B662007FBC13 /* HTTPClient.swift in Sources */ = {isa = PBXBuildFile; fileRef = 72DC8C39279F3D0D00ECB001 /* HTTPClient.swift */; };
		7268676827A43E7A0084ED72 /* CountdownTimer.swift in Sources */ = {isa = PBXBuildFile; fileRef = 7268676727A43E7A0084ED72 /* CountdownTimer.swift */; };
		726A300027A8294900131DD2 /* WatchlistViewController.swift in Sources */ = {isa = PBXBuildFile; fileRef = 726A2FFF27A8294900131DD2 /* WatchlistViewController.swift */; };
		726A300327A82D5800131DD2 /* Watchlist.storyboard in Resources */ = {isa = PBXBuildFile; fileRef = 726A300227A82D5800131DD2 /* Watchlist.storyboard */; };
		726A300527A835CF00131DD2 /* WatchlistUIKitView.swift in Sources */ = {isa = PBXBuildFile; fileRef = 726A300427A835CF00131DD2 /* WatchlistUIKitView.swift */; };
		72DC8C0B279EF7ED00ECB001 /* StocksApp.swift in Sources */ = {isa = PBXBuildFile; fileRef = 72DC8C0A279EF7ED00ECB001 /* StocksApp.swift */; };
		72DC8C0F279EF7EF00ECB001 /* Assets.xcassets in Resources */ = {isa = PBXBuildFile; fileRef = 72DC8C0E279EF7EF00ECB001 /* Assets.xcassets */; };
		72DC8C12279EF7EF00ECB001 /* Preview Assets.xcassets in Resources */ = {isa = PBXBuildFile; fileRef = 72DC8C11279EF7EF00ECB001 /* Preview Assets.xcassets */; };
/* End PBXBuildFile section */

/* Begin PBXContainerItemProxy section */
		7254FB7527A2B211007FBC13 /* PBXContainerItemProxy */ = {
			isa = PBXContainerItemProxy;
			containerPortal = 72DC8BFF279EF7ED00ECB001 /* Project object */;
			proxyType = 1;
			remoteGlobalIDString = 7254FB7027A2B211007FBC13;
			remoteInfo = StocksCore;
		};
		7254FB8827A2B36E007FBC13 /* PBXContainerItemProxy */ = {
			isa = PBXContainerItemProxy;
			containerPortal = 72DC8BFF279EF7ED00ECB001 /* Project object */;
			proxyType = 1;
			remoteGlobalIDString = 7254FB8327A2B36E007FBC13;
			remoteInfo = StocksUI;
		};
		7254FB9827A2B3A9007FBC13 /* PBXContainerItemProxy */ = {
			isa = PBXContainerItemProxy;
			containerPortal = 72DC8BFF279EF7ED00ECB001 /* Project object */;
			proxyType = 1;
			remoteGlobalIDString = 7254FB7027A2B211007FBC13;
			remoteInfo = StocksCore;
		};
		7254FBA627A2B63E007FBC13 /* PBXContainerItemProxy */ = {
			isa = PBXContainerItemProxy;
			containerPortal = 72DC8BFF279EF7ED00ECB001 /* Project object */;
			proxyType = 1;
			remoteGlobalIDString = 7254FBA127A2B63E007FBC13;
			remoteInfo = FinnhubClient;
		};
/* End PBXContainerItemProxy section */

/* Begin PBXCopyFilesBuildPhase section */
		7254FB9A27A2B3A9007FBC13 /* Embed Frameworks */ = {
			isa = PBXCopyFilesBuildPhase;
			buildActionMask = 2147483647;
			dstPath = "";
			dstSubfolderSpec = 10;
			files = (
				7254FB9727A2B3A9007FBC13 /* StocksCore.framework in Embed Frameworks */,
			);
			name = "Embed Frameworks";
			runOnlyForDeploymentPostprocessing = 0;
		};
		72DC8C32279EFA6300ECB001 /* Embed Frameworks */ = {
			isa = PBXCopyFilesBuildPhase;
			buildActionMask = 2147483647;
			dstPath = "";
			dstSubfolderSpec = 10;
			files = (
				7254FBA927A2B63E007FBC13 /* FinnhubClient.framework in Embed Frameworks */,
				7254FB7827A2B211007FBC13 /* StocksCore.framework in Embed Frameworks */,
				7254FB8B27A2B36E007FBC13 /* StocksUI.framework in Embed Frameworks */,
			);
			name = "Embed Frameworks";
			runOnlyForDeploymentPostprocessing = 0;
		};
/* End PBXCopyFilesBuildPhase section */

/* Begin PBXFileReference section */
		721B4E4027AC057A003D7B8E /* WatchlistContainerUIKitView.swift */ = {isa = PBXFileReference; lastKnownFileType = sourcecode.swift; path = WatchlistContainerUIKitView.swift; sourceTree = "<group>"; };
		721B4E4227AC059E003D7B8E /* StockCell.swift */ = {isa = PBXFileReference; lastKnownFileType = sourcecode.swift; path = StockCell.swift; sourceTree = "<group>"; };
		721B4E4427AC05C9003D7B8E /* WatchlistTableViewController.swift */ = {isa = PBXFileReference; lastKnownFileType = sourcecode.swift; path = WatchlistTableViewController.swift; sourceTree = "<group>"; };
		721B4E4627AC060D003D7B8E /* WatchlistContainerViewController.swift */ = {isa = PBXFileReference; lastKnownFileType = sourcecode.swift; path = WatchlistContainerViewController.swift; sourceTree = "<group>"; };
		721B4E4A27AC06BE003D7B8E /* SplittedWatchlist.storyboard */ = {isa = PBXFileReference; lastKnownFileType = file.storyboard; path = SplittedWatchlist.storyboard; sourceTree = "<group>"; };
		721B4E4C27AC20EC003D7B8E /* AutorefreshHostingController.swift */ = {isa = PBXFileReference; lastKnownFileType = sourcecode.swift; path = AutorefreshHostingController.swift; sourceTree = "<group>"; };
		7254FB7127A2B211007FBC13 /* StocksCore.framework */ = {isa = PBXFileReference; explicitFileType = wrapper.framework; includeInIndex = 0; path = StocksCore.framework; sourceTree = BUILT_PRODUCTS_DIR; };
		7254FB7327A2B211007FBC13 /* StocksCore.h */ = {isa = PBXFileReference; lastKnownFileType = sourcecode.c.h; path = StocksCore.h; sourceTree = "<group>"; };
		7254FB8427A2B36E007FBC13 /* StocksUI.framework */ = {isa = PBXFileReference; explicitFileType = wrapper.framework; includeInIndex = 0; path = StocksUI.framework; sourceTree = BUILT_PRODUCTS_DIR; };
		7254FB8627A2B36E007FBC13 /* StocksUI.h */ = {isa = PBXFileReference; lastKnownFileType = sourcecode.c.h; path = StocksUI.h; sourceTree = "<group>"; };
		7254FBA227A2B63E007FBC13 /* FinnhubClient.framework */ = {isa = PBXFileReference; explicitFileType = wrapper.framework; includeInIndex = 0; path = FinnhubClient.framework; sourceTree = BUILT_PRODUCTS_DIR; };
		7254FBA427A2B63E007FBC13 /* FinnhubClient.h */ = {isa = PBXFileReference; lastKnownFileType = sourcecode.c.h; path = FinnhubClient.h; sourceTree = "<group>"; };
		7268676727A43E7A0084ED72 /* CountdownTimer.swift */ = {isa = PBXFileReference; lastKnownFileType = sourcecode.swift; path = CountdownTimer.swift; sourceTree = "<group>"; };
		726A2FFF27A8294900131DD2 /* WatchlistViewController.swift */ = {isa = PBXFileReference; lastKnownFileType = sourcecode.swift; path = WatchlistViewController.swift; sourceTree = "<group>"; };
		726A300227A82D5800131DD2 /* Watchlist.storyboard */ = {isa = PBXFileReference; lastKnownFileType = file.storyboard; path = Watchlist.storyboard; sourceTree = "<group>"; };
		726A300427A835CF00131DD2 /* WatchlistUIKitView.swift */ = {isa = PBXFileReference; lastKnownFileType = sourcecode.swift; path = WatchlistUIKitView.swift; sourceTree = "<group>"; };
		72A8F8B427A18B7200B84CBD /* Stock.swift */ = {isa = PBXFileReference; lastKnownFileType = sourcecode.swift; path = Stock.swift; sourceTree = "<group>"; };
		72A8F8B827A18C0700B84CBD /* WatchlistPresenter.swift */ = {isa = PBXFileReference; lastKnownFileType = sourcecode.swift; path = WatchlistPresenter.swift; sourceTree = "<group>"; };
		72A8F8BC27A18CB300B84CBD /* Watchlist+DevHelpers.swift */ = {isa = PBXFileReference; lastKnownFileType = sourcecode.swift; path = "Watchlist+DevHelpers.swift"; sourceTree = "<group>"; };
		72A8F8BE27A18FEC00B84CBD /* WatchlistProvider.swift */ = {isa = PBXFileReference; lastKnownFileType = sourcecode.swift; path = WatchlistProvider.swift; sourceTree = "<group>"; };
		72C0005427A040640008218E /* Quote.swift */ = {isa = PBXFileReference; lastKnownFileType = sourcecode.swift; path = Quote.swift; sourceTree = "<group>"; };
		72C0005627A078BB0008218E /* JSONMapper.swift */ = {isa = PBXFileReference; lastKnownFileType = sourcecode.swift; path = JSONMapper.swift; sourceTree = "<group>"; };
		72C0005827A078CA0008218E /* HTTPError.swift */ = {isa = PBXFileReference; lastKnownFileType = sourcecode.swift; path = HTTPError.swift; sourceTree = "<group>"; };
		72C0005A27A07EBC0008218E /* FinnhubClient+Quote.swift */ = {isa = PBXFileReference; lastKnownFileType = sourcecode.swift; path = "FinnhubClient+Quote.swift"; sourceTree = "<group>"; };
		72C0006027A088CB0008218E /* StockRow.swift */ = {isa = PBXFileReference; lastKnownFileType = sourcecode.swift; path = StockRow.swift; sourceTree = "<group>"; };
		72C0006427A089010008218E /* StockRowViewModel.swift */ = {isa = PBXFileReference; lastKnownFileType = sourcecode.swift; path = StockRowViewModel.swift; sourceTree = "<group>"; };
		72DC8C07279EF7ED00ECB001 /* StocksApp.app */ = {isa = PBXFileReference; explicitFileType = wrapper.application; includeInIndex = 0; path = StocksApp.app; sourceTree = BUILT_PRODUCTS_DIR; };
		72DC8C0A279EF7ED00ECB001 /* StocksApp.swift */ = {isa = PBXFileReference; lastKnownFileType = sourcecode.swift; path = StocksApp.swift; sourceTree = "<group>"; };
		72DC8C0E279EF7EF00ECB001 /* Assets.xcassets */ = {isa = PBXFileReference; lastKnownFileType = folder.assetcatalog; path = Assets.xcassets; sourceTree = "<group>"; };
		72DC8C11279EF7EF00ECB001 /* Preview Assets.xcassets */ = {isa = PBXFileReference; lastKnownFileType = folder.assetcatalog; path = "Preview Assets.xcassets"; sourceTree = "<group>"; };
		72DC8C18279EF86F00ECB001 /* WatchlistViewModel.swift */ = {isa = PBXFileReference; lastKnownFileType = sourcecode.swift; path = WatchlistViewModel.swift; sourceTree = "<group>"; };
		72DC8C1A279EF87E00ECB001 /* WatchlistView.swift */ = {isa = PBXFileReference; lastKnownFileType = sourcecode.swift; path = WatchlistView.swift; sourceTree = "<group>"; };
		72DC8C1D279EF8E900ECB001 /* WatchlistService.swift */ = {isa = PBXFileReference; lastKnownFileType = sourcecode.swift; path = WatchlistService.swift; sourceTree = "<group>"; };
		72DC8C33279EFAB400ECB001 /* FinnhubClient.swift */ = {isa = PBXFileReference; lastKnownFileType = sourcecode.swift; path = FinnhubClient.swift; sourceTree = "<group>"; };
		72DC8C39279F3D0D00ECB001 /* HTTPClient.swift */ = {isa = PBXFileReference; lastKnownFileType = sourcecode.swift; path = HTTPClient.swift; sourceTree = "<group>"; };
/* End PBXFileReference section */

/* Begin PBXFrameworksBuildPhase section */
		7254FB6E27A2B211007FBC13 /* Frameworks */ = {
			isa = PBXFrameworksBuildPhase;
			buildActionMask = 2147483647;
			files = (
			);
			runOnlyForDeploymentPostprocessing = 0;
		};
		7254FB8127A2B36E007FBC13 /* Frameworks */ = {
			isa = PBXFrameworksBuildPhase;
			buildActionMask = 2147483647;
			files = (
				7254FB9627A2B3A9007FBC13 /* StocksCore.framework in Frameworks */,
			);
			runOnlyForDeploymentPostprocessing = 0;
		};
		7254FB9F27A2B63E007FBC13 /* Frameworks */ = {
			isa = PBXFrameworksBuildPhase;
			buildActionMask = 2147483647;
			files = (
			);
			runOnlyForDeploymentPostprocessing = 0;
		};
		72DC8C04279EF7ED00ECB001 /* Frameworks */ = {
			isa = PBXFrameworksBuildPhase;
			buildActionMask = 2147483647;
			files = (
				7254FBA827A2B63E007FBC13 /* FinnhubClient.framework in Frameworks */,
				7254FB7727A2B211007FBC13 /* StocksCore.framework in Frameworks */,
				7254FB8A27A2B36E007FBC13 /* StocksUI.framework in Frameworks */,
			);
			runOnlyForDeploymentPostprocessing = 0;
		};
/* End PBXFrameworksBuildPhase section */

/* Begin PBXGroup section */
		721B4E4827AC063C003D7B8E /* SingleViewController */ = {
			isa = PBXGroup;
			children = (
				726A2FFF27A8294900131DD2 /* WatchlistViewController.swift */,
				726A300227A82D5800131DD2 /* Watchlist.storyboard */,
				726A300427A835CF00131DD2 /* WatchlistUIKitView.swift */,
			);
			path = SingleViewController;
			sourceTree = "<group>";
		};
		721B4E4927AC065C003D7B8E /* SplittedViewController */ = {
			isa = PBXGroup;
			children = (
				721B4E4627AC060D003D7B8E /* WatchlistContainerViewController.swift */,
				721B4E4427AC05C9003D7B8E /* WatchlistTableViewController.swift */,
				721B4E4A27AC06BE003D7B8E /* SplittedWatchlist.storyboard */,
				721B4E4027AC057A003D7B8E /* WatchlistContainerUIKitView.swift */,
				721B4E4C27AC20EC003D7B8E /* AutorefreshHostingController.swift */,
			);
			path = SplittedViewController;
			sourceTree = "<group>";
		};
		7254FB7227A2B211007FBC13 /* StocksCore */ = {
			isa = PBXGroup;
			children = (
				7254FB7327A2B211007FBC13 /* StocksCore.h */,
				72A8F8BB27A18C9900B84CBD /* Development Helpers */,
				72A8F8B627A18BD500B84CBD /* Service */,
				72A8F8B327A18B6700B84CBD /* Model */,
			);
			path = StocksCore;
			sourceTree = "<group>";
		};
		7254FB8527A2B36E007FBC13 /* StocksUI */ = {
			isa = PBXGroup;
			children = (
				7254FB8627A2B36E007FBC13 /* StocksUI.h */,
				7254FB8F27A2B37B007FBC13 /* Watchlist */,
				7268676627A43E5F0084ED72 /* Helpers */,
			);
			path = StocksUI;
			sourceTree = "<group>";
		};
		7254FB8F27A2B37B007FBC13 /* Watchlist */ = {
			isa = PBXGroup;
			children = (
				726A300127A82CF100131DD2 /* UIKit */,
				72A8F8B827A18C0700B84CBD /* WatchlistPresenter.swift */,
				72DC8C18279EF86F00ECB001 /* WatchlistViewModel.swift */,
				72DC8C1A279EF87E00ECB001 /* WatchlistView.swift */,
				72C0006027A088CB0008218E /* StockRow.swift */,
				72C0006427A089010008218E /* StockRowViewModel.swift */,
			);
			path = Watchlist;
			sourceTree = "<group>";
		};
		7254FB9527A2B3A9007FBC13 /* Frameworks */ = {
			isa = PBXGroup;
			children = (
			);
			name = Frameworks;
			sourceTree = "<group>";
		};
		7254FBA327A2B63E007FBC13 /* FinnhubClient */ = {
			isa = PBXGroup;
			children = (
				7254FBA427A2B63E007FBC13 /* FinnhubClient.h */,
				72DC8C33279EFAB400ECB001 /* FinnhubClient.swift */,
				72C0005A27A07EBC0008218E /* FinnhubClient+Quote.swift */,
				72C0005327A03BB80008218E /* Models */,
				72C0005227A03BAE0008218E /* Shared */,
			);
			path = FinnhubClient;
			sourceTree = "<group>";
		};
		7268676627A43E5F0084ED72 /* Helpers */ = {
			isa = PBXGroup;
			children = (
				7268676727A43E7A0084ED72 /* CountdownTimer.swift */,
			);
			path = Helpers;
			sourceTree = "<group>";
		};
		726A300127A82CF100131DD2 /* UIKit */ = {
			isa = PBXGroup;
			children = (
				721B4E4827AC063C003D7B8E /* SingleViewController */,
				721B4E4927AC065C003D7B8E /* SplittedViewController */,
				721B4E4227AC059E003D7B8E /* StockCell.swift */,
			);
			path = UIKit;
			sourceTree = "<group>";
		};
		72A8F8B327A18B6700B84CBD /* Model */ = {
			isa = PBXGroup;
			children = (
				72A8F8B427A18B7200B84CBD /* Stock.swift */,
			);
			path = Model;
			sourceTree = "<group>";
		};
		72A8F8B627A18BD500B84CBD /* Service */ = {
			isa = PBXGroup;
			children = (
				72DC8C1D279EF8E900ECB001 /* WatchlistService.swift */,
				72A8F8BE27A18FEC00B84CBD /* WatchlistProvider.swift */,
			);
			path = Service;
			sourceTree = "<group>";
		};
		72A8F8BB27A18C9900B84CBD /* Development Helpers */ = {
			isa = PBXGroup;
			children = (
				72A8F8BC27A18CB300B84CBD /* Watchlist+DevHelpers.swift */,
			);
			path = "Development Helpers";
			sourceTree = "<group>";
		};
		72C0005227A03BAE0008218E /* Shared */ = {
			isa = PBXGroup;
			children = (
				72C0005827A078CA0008218E /* HTTPError.swift */,
				72C0005627A078BB0008218E /* JSONMapper.swift */,
				72DC8C39279F3D0D00ECB001 /* HTTPClient.swift */,
			);
			path = Shared;
			sourceTree = "<group>";
		};
		72C0005327A03BB80008218E /* Models */ = {
			isa = PBXGroup;
			children = (
				72C0005427A040640008218E /* Quote.swift */,
			);
			path = Models;
			sourceTree = "<group>";
		};
		72DC8BFE279EF7ED00ECB001 = {
			isa = PBXGroup;
			children = (
				72DC8C09279EF7ED00ECB001 /* Stocks */,
				7254FB8527A2B36E007FBC13 /* StocksUI */,
				7254FB7227A2B211007FBC13 /* StocksCore */,
				7254FBA327A2B63E007FBC13 /* FinnhubClient */,
				72DC8C08279EF7ED00ECB001 /* Products */,
				7254FB9527A2B3A9007FBC13 /* Frameworks */,
			);
			sourceTree = "<group>";
		};
		72DC8C08279EF7ED00ECB001 /* Products */ = {
			isa = PBXGroup;
			children = (
				72DC8C07279EF7ED00ECB001 /* StocksApp.app */,
				7254FB7127A2B211007FBC13 /* StocksCore.framework */,
				7254FB8427A2B36E007FBC13 /* StocksUI.framework */,
				7254FBA227A2B63E007FBC13 /* FinnhubClient.framework */,
			);
			name = Products;
			sourceTree = "<group>";
		};
		72DC8C09279EF7ED00ECB001 /* Stocks */ = {
			isa = PBXGroup;
			children = (
				72DC8C0A279EF7ED00ECB001 /* StocksApp.swift */,
				72DC8C0E279EF7EF00ECB001 /* Assets.xcassets */,
				72DC8C10279EF7EF00ECB001 /* Preview Content */,
			);
			path = Stocks;
			sourceTree = "<group>";
		};
		72DC8C10279EF7EF00ECB001 /* Preview Content */ = {
			isa = PBXGroup;
			children = (
				72DC8C11279EF7EF00ECB001 /* Preview Assets.xcassets */,
			);
			path = "Preview Content";
			sourceTree = "<group>";
		};
/* End PBXGroup section */

/* Begin PBXHeadersBuildPhase section */
		7254FB6C27A2B211007FBC13 /* Headers */ = {
			isa = PBXHeadersBuildPhase;
			buildActionMask = 2147483647;
			files = (
				7254FB7427A2B211007FBC13 /* StocksCore.h in Headers */,
			);
			runOnlyForDeploymentPostprocessing = 0;
		};
		7254FB7F27A2B36E007FBC13 /* Headers */ = {
			isa = PBXHeadersBuildPhase;
			buildActionMask = 2147483647;
			files = (
				7254FB8727A2B36E007FBC13 /* StocksUI.h in Headers */,
			);
			runOnlyForDeploymentPostprocessing = 0;
		};
		7254FB9D27A2B63E007FBC13 /* Headers */ = {
			isa = PBXHeadersBuildPhase;
			buildActionMask = 2147483647;
			files = (
				7254FBA527A2B63E007FBC13 /* FinnhubClient.h in Headers */,
			);
			runOnlyForDeploymentPostprocessing = 0;
		};
/* End PBXHeadersBuildPhase section */

/* Begin PBXNativeTarget section */
		7254FB7027A2B211007FBC13 /* StocksCore */ = {
			isa = PBXNativeTarget;
			buildConfigurationList = 7254FB7927A2B211007FBC13 /* Build configuration list for PBXNativeTarget "StocksCore" */;
			buildPhases = (
				7254FB6C27A2B211007FBC13 /* Headers */,
				7254FB6D27A2B211007FBC13 /* Sources */,
				7254FB6E27A2B211007FBC13 /* Frameworks */,
				7254FB6F27A2B211007FBC13 /* Resources */,
			);
			buildRules = (
			);
			dependencies = (
			);
			name = StocksCore;
			productName = StocksCore;
			productReference = 7254FB7127A2B211007FBC13 /* StocksCore.framework */;
			productType = "com.apple.product-type.framework";
		};
		7254FB8327A2B36E007FBC13 /* StocksUI */ = {
			isa = PBXNativeTarget;
			buildConfigurationList = 7254FB8C27A2B36E007FBC13 /* Build configuration list for PBXNativeTarget "StocksUI" */;
			buildPhases = (
				7254FB7F27A2B36E007FBC13 /* Headers */,
				7254FB8027A2B36E007FBC13 /* Sources */,
				7254FB8127A2B36E007FBC13 /* Frameworks */,
				7254FB8227A2B36E007FBC13 /* Resources */,
				7254FB9A27A2B3A9007FBC13 /* Embed Frameworks */,
			);
			buildRules = (
			);
			dependencies = (
				7254FB9927A2B3A9007FBC13 /* PBXTargetDependency */,
			);
			name = StocksUI;
			productName = StocksUI;
			productReference = 7254FB8427A2B36E007FBC13 /* StocksUI.framework */;
			productType = "com.apple.product-type.framework";
		};
		7254FBA127A2B63E007FBC13 /* FinnhubClient */ = {
			isa = PBXNativeTarget;
			buildConfigurationList = 7254FBAA27A2B63E007FBC13 /* Build configuration list for PBXNativeTarget "FinnhubClient" */;
			buildPhases = (
				7254FB9D27A2B63E007FBC13 /* Headers */,
				7254FB9E27A2B63E007FBC13 /* Sources */,
				7254FB9F27A2B63E007FBC13 /* Frameworks */,
				7254FBA027A2B63E007FBC13 /* Resources */,
			);
			buildRules = (
			);
			dependencies = (
			);
			name = FinnhubClient;
			productName = FinnhubClient;
			productReference = 7254FBA227A2B63E007FBC13 /* FinnhubClient.framework */;
			productType = "com.apple.product-type.framework";
		};
		72DC8C06279EF7ED00ECB001 /* StocksApp */ = {
			isa = PBXNativeTarget;
			buildConfigurationList = 72DC8C15279EF7EF00ECB001 /* Build configuration list for PBXNativeTarget "StocksApp" */;
			buildPhases = (
				72DC8C03279EF7ED00ECB001 /* Sources */,
				72DC8C04279EF7ED00ECB001 /* Frameworks */,
				72DC8C05279EF7ED00ECB001 /* Resources */,
				72DC8C32279EFA6300ECB001 /* Embed Frameworks */,
			);
			buildRules = (
			);
			dependencies = (
				7254FB7627A2B211007FBC13 /* PBXTargetDependency */,
				7254FB8927A2B36E007FBC13 /* PBXTargetDependency */,
				7254FBA727A2B63E007FBC13 /* PBXTargetDependency */,
			);
			name = StocksApp;
			productName = Stocks;
			productReference = 72DC8C07279EF7ED00ECB001 /* StocksApp.app */;
			productType = "com.apple.product-type.application";
		};
/* End PBXNativeTarget section */

/* Begin PBXProject section */
		72DC8BFF279EF7ED00ECB001 /* Project object */ = {
			isa = PBXProject;
			attributes = {
				BuildIndependentTargetsInParallel = 1;
				LastSwiftUpdateCheck = 1310;
				LastUpgradeCheck = 1310;
				TargetAttributes = {
					7254FB7027A2B211007FBC13 = {
						CreatedOnToolsVersion = 13.1;
					};
					7254FB8327A2B36E007FBC13 = {
						CreatedOnToolsVersion = 13.1;
					};
					7254FBA127A2B63E007FBC13 = {
						CreatedOnToolsVersion = 13.1;
					};
					72DC8C06279EF7ED00ECB001 = {
						CreatedOnToolsVersion = 13.1;
					};
				};
			};
			buildConfigurationList = 72DC8C02279EF7ED00ECB001 /* Build configuration list for PBXProject "Stocks" */;
			compatibilityVersion = "Xcode 13.0";
			developmentRegion = en;
			hasScannedForEncodings = 0;
			knownRegions = (
				en,
				Base,
			);
			mainGroup = 72DC8BFE279EF7ED00ECB001;
			productRefGroup = 72DC8C08279EF7ED00ECB001 /* Products */;
			projectDirPath = "";
			projectRoot = "";
			targets = (
				72DC8C06279EF7ED00ECB001 /* StocksApp */,
				7254FB7027A2B211007FBC13 /* StocksCore */,
				7254FB8327A2B36E007FBC13 /* StocksUI */,
				7254FBA127A2B63E007FBC13 /* FinnhubClient */,
			);
		};
/* End PBXProject section */

/* Begin PBXResourcesBuildPhase section */
		7254FB6F27A2B211007FBC13 /* Resources */ = {
			isa = PBXResourcesBuildPhase;
			buildActionMask = 2147483647;
			files = (
			);
			runOnlyForDeploymentPostprocessing = 0;
		};
		7254FB8227A2B36E007FBC13 /* Resources */ = {
			isa = PBXResourcesBuildPhase;
			buildActionMask = 2147483647;
			files = (
				726A300327A82D5800131DD2 /* Watchlist.storyboard in Resources */,
				721B4E4B27AC06BE003D7B8E /* SplittedWatchlist.storyboard in Resources */,
			);
			runOnlyForDeploymentPostprocessing = 0;
		};
		7254FBA027A2B63E007FBC13 /* Resources */ = {
			isa = PBXResourcesBuildPhase;
			buildActionMask = 2147483647;
			files = (
			);
			runOnlyForDeploymentPostprocessing = 0;
		};
		72DC8C05279EF7ED00ECB001 /* Resources */ = {
			isa = PBXResourcesBuildPhase;
			buildActionMask = 2147483647;
			files = (
				72DC8C12279EF7EF00ECB001 /* Preview Assets.xcassets in Resources */,
				72DC8C0F279EF7EF00ECB001 /* Assets.xcassets in Resources */,
			);
			runOnlyForDeploymentPostprocessing = 0;
		};
/* End PBXResourcesBuildPhase section */

/* Begin PBXSourcesBuildPhase section */
		7254FB6D27A2B211007FBC13 /* Sources */ = {
			isa = PBXSourcesBuildPhase;
			buildActionMask = 2147483647;
			files = (
				7254FB7E27A2B251007FBC13 /* WatchlistService.swift in Sources */,
				7254FB9C27A2B522007FBC13 /* Watchlist+DevHelpers.swift in Sources */,
				7254FB7D27A2B251007FBC13 /* WatchlistProvider.swift in Sources */,
				7254FB7C27A2B24C007FBC13 /* Stock.swift in Sources */,
			);
			runOnlyForDeploymentPostprocessing = 0;
		};
		7254FB8027A2B36E007FBC13 /* Sources */ = {
			isa = PBXSourcesBuildPhase;
			buildActionMask = 2147483647;
			files = (
				721B4E4527AC05C9003D7B8E /* WatchlistTableViewController.swift in Sources */,
				721B4E4127AC057A003D7B8E /* WatchlistContainerUIKitView.swift in Sources */,
				721B4E4727AC060D003D7B8E /* WatchlistContainerViewController.swift in Sources */,
				726A300027A8294900131DD2 /* WatchlistViewController.swift in Sources */,
				7254FB9327A2B38E007FBC13 /* WatchlistView.swift in Sources */,
				7268676827A43E7A0084ED72 /* CountdownTimer.swift in Sources */,
				721B4E4327AC059E003D7B8E /* StockCell.swift in Sources */,
				7254FB9127A2B38E007FBC13 /* StockRowViewModel.swift in Sources */,
				7254FB9027A2B38E007FBC13 /* WatchlistPresenter.swift in Sources */,
				721B4E4D27AC20EC003D7B8E /* AutorefreshHostingController.swift in Sources */,
				7254FB9227A2B38E007FBC13 /* WatchlistViewModel.swift in Sources */,
				7254FB9427A2B38E007FBC13 /* StockRow.swift in Sources */,
				726A300527A835CF00131DD2 /* WatchlistUIKitView.swift in Sources */,
			);
			runOnlyForDeploymentPostprocessing = 0;
		};
		7254FB9E27A2B63E007FBC13 /* Sources */ = {
			isa = PBXSourcesBuildPhase;
			buildActionMask = 2147483647;
			files = (
				7254FBB027A2B662007FBC13 /* HTTPError.swift in Sources */,
				7254FBB127A2B662007FBC13 /* JSONMapper.swift in Sources */,
				7254FBB227A2B662007FBC13 /* HTTPClient.swift in Sources */,
				7254FBAD27A2B64A007FBC13 /* FinnhubClient+Quote.swift in Sources */,
				7254FBAF27A2B65F007FBC13 /* Quote.swift in Sources */,
				7254FBAE27A2B64A007FBC13 /* FinnhubClient.swift in Sources */,
			);
			runOnlyForDeploymentPostprocessing = 0;
		};
		72DC8C03279EF7ED00ECB001 /* Sources */ = {
			isa = PBXSourcesBuildPhase;
			buildActionMask = 2147483647;
			files = (
				72DC8C0B279EF7ED00ECB001 /* StocksApp.swift in Sources */,
			);
			runOnlyForDeploymentPostprocessing = 0;
		};
/* End PBXSourcesBuildPhase section */

/* Begin PBXTargetDependency section */
		7254FB7627A2B211007FBC13 /* PBXTargetDependency */ = {
			isa = PBXTargetDependency;
			target = 7254FB7027A2B211007FBC13 /* StocksCore */;
			targetProxy = 7254FB7527A2B211007FBC13 /* PBXContainerItemProxy */;
		};
		7254FB8927A2B36E007FBC13 /* PBXTargetDependency */ = {
			isa = PBXTargetDependency;
			target = 7254FB8327A2B36E007FBC13 /* StocksUI */;
			targetProxy = 7254FB8827A2B36E007FBC13 /* PBXContainerItemProxy */;
		};
		7254FB9927A2B3A9007FBC13 /* PBXTargetDependency */ = {
			isa = PBXTargetDependency;
			target = 7254FB7027A2B211007FBC13 /* StocksCore */;
			targetProxy = 7254FB9827A2B3A9007FBC13 /* PBXContainerItemProxy */;
		};
		7254FBA727A2B63E007FBC13 /* PBXTargetDependency */ = {
			isa = PBXTargetDependency;
			target = 7254FBA127A2B63E007FBC13 /* FinnhubClient */;
			targetProxy = 7254FBA627A2B63E007FBC13 /* PBXContainerItemProxy */;
		};
/* End PBXTargetDependency section */

/* Begin XCBuildConfiguration section */
		7254FB7A27A2B211007FBC13 /* Debug */ = {
			isa = XCBuildConfiguration;
			buildSettings = {
				CODE_SIGN_STYLE = Automatic;
				CURRENT_PROJECT_VERSION = 1;
				DEFINES_MODULE = YES;
				DEVELOPMENT_TEAM = GD9QM9HB83;
				DYLIB_COMPATIBILITY_VERSION = 1;
				DYLIB_CURRENT_VERSION = 1;
				DYLIB_INSTALL_NAME_BASE = "@rpath";
				GENERATE_INFOPLIST_FILE = YES;
				INFOPLIST_KEY_NSHumanReadableCopyright = "";
				INSTALL_PATH = "$(LOCAL_LIBRARY_DIR)/Frameworks";
				LD_RUNPATH_SEARCH_PATHS = (
					"$(inherited)",
					"@executable_path/Frameworks",
					"@loader_path/Frameworks",
				);
				MARKETING_VERSION = 1.0;
				PRODUCT_BUNDLE_IDENTIFIER = com.fernandopena.StocksCore;
				PRODUCT_NAME = "$(TARGET_NAME:c99extidentifier)";
				SKIP_INSTALL = YES;
				SWIFT_EMIT_LOC_STRINGS = YES;
				SWIFT_VERSION = 5.0;
				TARGETED_DEVICE_FAMILY = "1,2";
				VERSIONING_SYSTEM = "apple-generic";
				VERSION_INFO_PREFIX = "";
			};
			name = Debug;
		};
		7254FB7B27A2B211007FBC13 /* Release */ = {
			isa = XCBuildConfiguration;
			buildSettings = {
				CODE_SIGN_STYLE = Automatic;
				CURRENT_PROJECT_VERSION = 1;
				DEFINES_MODULE = YES;
				DEVELOPMENT_TEAM = GD9QM9HB83;
				DYLIB_COMPATIBILITY_VERSION = 1;
				DYLIB_CURRENT_VERSION = 1;
				DYLIB_INSTALL_NAME_BASE = "@rpath";
				GENERATE_INFOPLIST_FILE = YES;
				INFOPLIST_KEY_NSHumanReadableCopyright = "";
				INSTALL_PATH = "$(LOCAL_LIBRARY_DIR)/Frameworks";
				LD_RUNPATH_SEARCH_PATHS = (
					"$(inherited)",
					"@executable_path/Frameworks",
					"@loader_path/Frameworks",
				);
				MARKETING_VERSION = 1.0;
				PRODUCT_BUNDLE_IDENTIFIER = com.fernandopena.StocksCore;
				PRODUCT_NAME = "$(TARGET_NAME:c99extidentifier)";
				SKIP_INSTALL = YES;
				SWIFT_EMIT_LOC_STRINGS = YES;
				SWIFT_VERSION = 5.0;
				TARGETED_DEVICE_FAMILY = "1,2";
				VERSIONING_SYSTEM = "apple-generic";
				VERSION_INFO_PREFIX = "";
			};
			name = Release;
		};
		7254FB8D27A2B36E007FBC13 /* Debug */ = {
			isa = XCBuildConfiguration;
			buildSettings = {
				CODE_SIGN_STYLE = Automatic;
				CURRENT_PROJECT_VERSION = 1;
				DEFINES_MODULE = YES;
				DEVELOPMENT_TEAM = GD9QM9HB83;
				DYLIB_COMPATIBILITY_VERSION = 1;
				DYLIB_CURRENT_VERSION = 1;
				DYLIB_INSTALL_NAME_BASE = "@rpath";
				GENERATE_INFOPLIST_FILE = YES;
				INFOPLIST_KEY_NSHumanReadableCopyright = "";
				INSTALL_PATH = "$(LOCAL_LIBRARY_DIR)/Frameworks";
				IPHONEOS_DEPLOYMENT_TARGET = 15.0;
				LD_RUNPATH_SEARCH_PATHS = (
					"$(inherited)",
					"@executable_path/Frameworks",
					"@loader_path/Frameworks",
				);
				MARKETING_VERSION = 1.0;
				PRODUCT_BUNDLE_IDENTIFIER = com.fernandopena.StocksUI;
				PRODUCT_NAME = "$(TARGET_NAME:c99extidentifier)";
				SKIP_INSTALL = YES;
				SWIFT_EMIT_LOC_STRINGS = YES;
				SWIFT_VERSION = 5.0;
				TARGETED_DEVICE_FAMILY = "1,2";
				VERSIONING_SYSTEM = "apple-generic";
				VERSION_INFO_PREFIX = "";
			};
			name = Debug;
		};
		7254FB8E27A2B36E007FBC13 /* Release */ = {
			isa = XCBuildConfiguration;
			buildSettings = {
				CODE_SIGN_STYLE = Automatic;
				CURRENT_PROJECT_VERSION = 1;
				DEFINES_MODULE = YES;
				DEVELOPMENT_TEAM = GD9QM9HB83;
				DYLIB_COMPATIBILITY_VERSION = 1;
				DYLIB_CURRENT_VERSION = 1;
				DYLIB_INSTALL_NAME_BASE = "@rpath";
				GENERATE_INFOPLIST_FILE = YES;
				INFOPLIST_KEY_NSHumanReadableCopyright = "";
				INSTALL_PATH = "$(LOCAL_LIBRARY_DIR)/Frameworks";
				IPHONEOS_DEPLOYMENT_TARGET = 15.0;
				LD_RUNPATH_SEARCH_PATHS = (
					"$(inherited)",
					"@executable_path/Frameworks",
					"@loader_path/Frameworks",
				);
				MARKETING_VERSION = 1.0;
				PRODUCT_BUNDLE_IDENTIFIER = com.fernandopena.StocksUI;
				PRODUCT_NAME = "$(TARGET_NAME:c99extidentifier)";
				SKIP_INSTALL = YES;
				SWIFT_EMIT_LOC_STRINGS = YES;
				SWIFT_VERSION = 5.0;
				TARGETED_DEVICE_FAMILY = "1,2";
				VERSIONING_SYSTEM = "apple-generic";
				VERSION_INFO_PREFIX = "";
			};
			name = Release;
		};
		7254FBAB27A2B63E007FBC13 /* Debug */ = {
			isa = XCBuildConfiguration;
			buildSettings = {
				CODE_SIGN_STYLE = Automatic;
				CURRENT_PROJECT_VERSION = 1;
				DEFINES_MODULE = YES;
				DEVELOPMENT_TEAM = GD9QM9HB83;
				DYLIB_COMPATIBILITY_VERSION = 1;
				DYLIB_CURRENT_VERSION = 1;
				DYLIB_INSTALL_NAME_BASE = "@rpath";
				GENERATE_INFOPLIST_FILE = YES;
				INFOPLIST_KEY_NSHumanReadableCopyright = "";
				INSTALL_PATH = "$(LOCAL_LIBRARY_DIR)/Frameworks";
				LD_RUNPATH_SEARCH_PATHS = (
					"$(inherited)",
					"@executable_path/Frameworks",
					"@loader_path/Frameworks",
				);
				MARKETING_VERSION = 1.0;
				PRODUCT_BUNDLE_IDENTIFIER = com.fernandopena.FinnhubClient;
				PRODUCT_NAME = "$(TARGET_NAME:c99extidentifier)";
				SKIP_INSTALL = YES;
				SWIFT_EMIT_LOC_STRINGS = YES;
				SWIFT_VERSION = 5.0;
				TARGETED_DEVICE_FAMILY = "1,2";
				VERSIONING_SYSTEM = "apple-generic";
				VERSION_INFO_PREFIX = "";
			};
			name = Debug;
		};
		7254FBAC27A2B63E007FBC13 /* Release */ = {
			isa = XCBuildConfiguration;
			buildSettings = {
				CODE_SIGN_STYLE = Automatic;
				CURRENT_PROJECT_VERSION = 1;
				DEFINES_MODULE = YES;
				DEVELOPMENT_TEAM = GD9QM9HB83;
				DYLIB_COMPATIBILITY_VERSION = 1;
				DYLIB_CURRENT_VERSION = 1;
				DYLIB_INSTALL_NAME_BASE = "@rpath";
				GENERATE_INFOPLIST_FILE = YES;
				INFOPLIST_KEY_NSHumanReadableCopyright = "";
				INSTALL_PATH = "$(LOCAL_LIBRARY_DIR)/Frameworks";
				LD_RUNPATH_SEARCH_PATHS = (
					"$(inherited)",
					"@executable_path/Frameworks",
					"@loader_path/Frameworks",
				);
				MARKETING_VERSION = 1.0;
				PRODUCT_BUNDLE_IDENTIFIER = com.fernandopena.FinnhubClient;
				PRODUCT_NAME = "$(TARGET_NAME:c99extidentifier)";
				SKIP_INSTALL = YES;
				SWIFT_EMIT_LOC_STRINGS = YES;
				SWIFT_VERSION = 5.0;
				TARGETED_DEVICE_FAMILY = "1,2";
				VERSIONING_SYSTEM = "apple-generic";
				VERSION_INFO_PREFIX = "";
			};
			name = Release;
		};
		72DC8C13279EF7EF00ECB001 /* Debug */ = {
			isa = XCBuildConfiguration;
			buildSettings = {
				ALWAYS_SEARCH_USER_PATHS = NO;
				CLANG_ANALYZER_NONNULL = YES;
				CLANG_ANALYZER_NUMBER_OBJECT_CONVERSION = YES_AGGRESSIVE;
				CLANG_CXX_LANGUAGE_STANDARD = "gnu++17";
				CLANG_CXX_LIBRARY = "libc++";
				CLANG_ENABLE_MODULES = YES;
				CLANG_ENABLE_OBJC_ARC = YES;
				CLANG_ENABLE_OBJC_WEAK = YES;
				CLANG_WARN_BLOCK_CAPTURE_AUTORELEASING = YES;
				CLANG_WARN_BOOL_CONVERSION = YES;
				CLANG_WARN_COMMA = YES;
				CLANG_WARN_CONSTANT_CONVERSION = YES;
				CLANG_WARN_DEPRECATED_OBJC_IMPLEMENTATIONS = YES;
				CLANG_WARN_DIRECT_OBJC_ISA_USAGE = YES_ERROR;
				CLANG_WARN_DOCUMENTATION_COMMENTS = YES;
				CLANG_WARN_EMPTY_BODY = YES;
				CLANG_WARN_ENUM_CONVERSION = YES;
				CLANG_WARN_INFINITE_RECURSION = YES;
				CLANG_WARN_INT_CONVERSION = YES;
				CLANG_WARN_NON_LITERAL_NULL_CONVERSION = YES;
				CLANG_WARN_OBJC_IMPLICIT_RETAIN_SELF = YES;
				CLANG_WARN_OBJC_LITERAL_CONVERSION = YES;
				CLANG_WARN_OBJC_ROOT_CLASS = YES_ERROR;
				CLANG_WARN_QUOTED_INCLUDE_IN_FRAMEWORK_HEADER = YES;
				CLANG_WARN_RANGE_LOOP_ANALYSIS = YES;
				CLANG_WARN_STRICT_PROTOTYPES = YES;
				CLANG_WARN_SUSPICIOUS_MOVE = YES;
				CLANG_WARN_UNGUARDED_AVAILABILITY = YES_AGGRESSIVE;
				CLANG_WARN_UNREACHABLE_CODE = YES;
				CLANG_WARN__DUPLICATE_METHOD_MATCH = YES;
				COPY_PHASE_STRIP = NO;
				DEBUG_INFORMATION_FORMAT = dwarf;
				ENABLE_STRICT_OBJC_MSGSEND = YES;
				ENABLE_TESTABILITY = YES;
				GCC_C_LANGUAGE_STANDARD = gnu11;
				GCC_DYNAMIC_NO_PIC = NO;
				GCC_NO_COMMON_BLOCKS = YES;
				GCC_OPTIMIZATION_LEVEL = 0;
				GCC_PREPROCESSOR_DEFINITIONS = (
					"DEBUG=1",
					"$(inherited)",
				);
				GCC_WARN_64_TO_32_BIT_CONVERSION = YES;
				GCC_WARN_ABOUT_RETURN_TYPE = YES_ERROR;
				GCC_WARN_UNDECLARED_SELECTOR = YES;
				GCC_WARN_UNINITIALIZED_AUTOS = YES_AGGRESSIVE;
				GCC_WARN_UNUSED_FUNCTION = YES;
				GCC_WARN_UNUSED_VARIABLE = YES;
				IPHONEOS_DEPLOYMENT_TARGET = 13.0;
				MTL_ENABLE_DEBUG_INFO = INCLUDE_SOURCE;
				MTL_FAST_MATH = YES;
				ONLY_ACTIVE_ARCH = YES;
				SDKROOT = iphoneos;
				SWIFT_ACTIVE_COMPILATION_CONDITIONS = DEBUG;
				SWIFT_OPTIMIZATION_LEVEL = "-Onone";
			};
			name = Debug;
		};
		72DC8C14279EF7EF00ECB001 /* Release */ = {
			isa = XCBuildConfiguration;
			buildSettings = {
				ALWAYS_SEARCH_USER_PATHS = NO;
				CLANG_ANALYZER_NONNULL = YES;
				CLANG_ANALYZER_NUMBER_OBJECT_CONVERSION = YES_AGGRESSIVE;
				CLANG_CXX_LANGUAGE_STANDARD = "gnu++17";
				CLANG_CXX_LIBRARY = "libc++";
				CLANG_ENABLE_MODULES = YES;
				CLANG_ENABLE_OBJC_ARC = YES;
				CLANG_ENABLE_OBJC_WEAK = YES;
				CLANG_WARN_BLOCK_CAPTURE_AUTORELEASING = YES;
				CLANG_WARN_BOOL_CONVERSION = YES;
				CLANG_WARN_COMMA = YES;
				CLANG_WARN_CONSTANT_CONVERSION = YES;
				CLANG_WARN_DEPRECATED_OBJC_IMPLEMENTATIONS = YES;
				CLANG_WARN_DIRECT_OBJC_ISA_USAGE = YES_ERROR;
				CLANG_WARN_DOCUMENTATION_COMMENTS = YES;
				CLANG_WARN_EMPTY_BODY = YES;
				CLANG_WARN_ENUM_CONVERSION = YES;
				CLANG_WARN_INFINITE_RECURSION = YES;
				CLANG_WARN_INT_CONVERSION = YES;
				CLANG_WARN_NON_LITERAL_NULL_CONVERSION = YES;
				CLANG_WARN_OBJC_IMPLICIT_RETAIN_SELF = YES;
				CLANG_WARN_OBJC_LITERAL_CONVERSION = YES;
				CLANG_WARN_OBJC_ROOT_CLASS = YES_ERROR;
				CLANG_WARN_QUOTED_INCLUDE_IN_FRAMEWORK_HEADER = YES;
				CLANG_WARN_RANGE_LOOP_ANALYSIS = YES;
				CLANG_WARN_STRICT_PROTOTYPES = YES;
				CLANG_WARN_SUSPICIOUS_MOVE = YES;
				CLANG_WARN_UNGUARDED_AVAILABILITY = YES_AGGRESSIVE;
				CLANG_WARN_UNREACHABLE_CODE = YES;
				CLANG_WARN__DUPLICATE_METHOD_MATCH = YES;
				COPY_PHASE_STRIP = NO;
				DEBUG_INFORMATION_FORMAT = "dwarf-with-dsym";
				ENABLE_NS_ASSERTIONS = NO;
				ENABLE_STRICT_OBJC_MSGSEND = YES;
				GCC_C_LANGUAGE_STANDARD = gnu11;
				GCC_NO_COMMON_BLOCKS = YES;
				GCC_WARN_64_TO_32_BIT_CONVERSION = YES;
				GCC_WARN_ABOUT_RETURN_TYPE = YES_ERROR;
				GCC_WARN_UNDECLARED_SELECTOR = YES;
				GCC_WARN_UNINITIALIZED_AUTOS = YES_AGGRESSIVE;
				GCC_WARN_UNUSED_FUNCTION = YES;
				GCC_WARN_UNUSED_VARIABLE = YES;
				IPHONEOS_DEPLOYMENT_TARGET = 13.0;
				MTL_ENABLE_DEBUG_INFO = NO;
				MTL_FAST_MATH = YES;
				SDKROOT = iphoneos;
				SWIFT_COMPILATION_MODE = wholemodule;
				SWIFT_OPTIMIZATION_LEVEL = "-O";
				VALIDATE_PRODUCT = YES;
			};
			name = Release;
		};
		72DC8C16279EF7EF00ECB001 /* Debug */ = {
			isa = XCBuildConfiguration;
			buildSettings = {
				ALWAYS_EMBED_SWIFT_STANDARD_LIBRARIES = YES;
				ASSETCATALOG_COMPILER_APPICON_NAME = AppIcon;
				ASSETCATALOG_COMPILER_GLOBAL_ACCENT_COLOR_NAME = AccentColor;
				CODE_SIGN_STYLE = Automatic;
				CURRENT_PROJECT_VERSION = 1;
				DEVELOPMENT_ASSET_PATHS = "\"Stocks/Preview Content\"";
				DEVELOPMENT_TEAM = GD9QM9HB83;
				ENABLE_PREVIEWS = YES;
				GENERATE_INFOPLIST_FILE = YES;
				INFOPLIST_KEY_UIApplicationSceneManifest_Generation = YES;
				INFOPLIST_KEY_UIApplicationSupportsIndirectInputEvents = YES;
				INFOPLIST_KEY_UILaunchScreen_Generation = YES;
				INFOPLIST_KEY_UISupportedInterfaceOrientations_iPad = "UIInterfaceOrientationPortrait UIInterfaceOrientationPortraitUpsideDown UIInterfaceOrientationLandscapeLeft UIInterfaceOrientationLandscapeRight";
				INFOPLIST_KEY_UISupportedInterfaceOrientations_iPhone = "UIInterfaceOrientationPortrait UIInterfaceOrientationLandscapeLeft UIInterfaceOrientationLandscapeRight";
				IPHONEOS_DEPLOYMENT_TARGET = 15.0;
				LD_RUNPATH_SEARCH_PATHS = (
					"$(inherited)",
					"@executable_path/Frameworks",
				);
				MARKETING_VERSION = 1.0;
				PRODUCT_BUNDLE_IDENTIFIER = com.fernandopena.Stocks;
				PRODUCT_NAME = "$(TARGET_NAME)";
				SWIFT_EMIT_LOC_STRINGS = YES;
				SWIFT_VERSION = 5.0;
				TARGETED_DEVICE_FAMILY = "1,2";
			};
			name = Debug;
		};
		72DC8C17279EF7EF00ECB001 /* Release */ = {
			isa = XCBuildConfiguration;
			buildSettings = {
				ALWAYS_EMBED_SWIFT_STANDARD_LIBRARIES = YES;
				ASSETCATALOG_COMPILER_APPICON_NAME = AppIcon;
				ASSETCATALOG_COMPILER_GLOBAL_ACCENT_COLOR_NAME = AccentColor;
				CODE_SIGN_STYLE = Automatic;
				CURRENT_PROJECT_VERSION = 1;
				DEVELOPMENT_ASSET_PATHS = "\"Stocks/Preview Content\"";
				DEVELOPMENT_TEAM = GD9QM9HB83;
				ENABLE_PREVIEWS = YES;
				GENERATE_INFOPLIST_FILE = YES;
				INFOPLIST_KEY_UIApplicationSceneManifest_Generation = YES;
				INFOPLIST_KEY_UIApplicationSupportsIndirectInputEvents = YES;
				INFOPLIST_KEY_UILaunchScreen_Generation = YES;
				INFOPLIST_KEY_UISupportedInterfaceOrientations_iPad = "UIInterfaceOrientationPortrait UIInterfaceOrientationPortraitUpsideDown UIInterfaceOrientationLandscapeLeft UIInterfaceOrientationLandscapeRight";
				INFOPLIST_KEY_UISupportedInterfaceOrientations_iPhone = "UIInterfaceOrientationPortrait UIInterfaceOrientationLandscapeLeft UIInterfaceOrientationLandscapeRight";
				IPHONEOS_DEPLOYMENT_TARGET = 15.0;
				LD_RUNPATH_SEARCH_PATHS = (
					"$(inherited)",
					"@executable_path/Frameworks",
				);
				MARKETING_VERSION = 1.0;
				PRODUCT_BUNDLE_IDENTIFIER = com.fernandopena.Stocks;
				PRODUCT_NAME = "$(TARGET_NAME)";
				SWIFT_EMIT_LOC_STRINGS = YES;
				SWIFT_VERSION = 5.0;
				TARGETED_DEVICE_FAMILY = "1,2";
			};
			name = Release;
		};
/* End XCBuildConfiguration section */

/* Begin XCConfigurationList section */
		7254FB7927A2B211007FBC13 /* Build configuration list for PBXNativeTarget "StocksCore" */ = {
			isa = XCConfigurationList;
			buildConfigurations = (
				7254FB7A27A2B211007FBC13 /* Debug */,
				7254FB7B27A2B211007FBC13 /* Release */,
			);
			defaultConfigurationIsVisible = 0;
			defaultConfigurationName = Release;
		};
		7254FB8C27A2B36E007FBC13 /* Build configuration list for PBXNativeTarget "StocksUI" */ = {
			isa = XCConfigurationList;
			buildConfigurations = (
				7254FB8D27A2B36E007FBC13 /* Debug */,
				7254FB8E27A2B36E007FBC13 /* Release */,
			);
			defaultConfigurationIsVisible = 0;
			defaultConfigurationName = Release;
		};
		7254FBAA27A2B63E007FBC13 /* Build configuration list for PBXNativeTarget "FinnhubClient" */ = {
			isa = XCConfigurationList;
			buildConfigurations = (
				7254FBAB27A2B63E007FBC13 /* Debug */,
				7254FBAC27A2B63E007FBC13 /* Release */,
			);
			defaultConfigurationIsVisible = 0;
			defaultConfigurationName = Release;
		};
		72DC8C02279EF7ED00ECB001 /* Build configuration list for PBXProject "Stocks" */ = {
			isa = XCConfigurationList;
			buildConfigurations = (
				72DC8C13279EF7EF00ECB001 /* Debug */,
				72DC8C14279EF7EF00ECB001 /* Release */,
			);
			defaultConfigurationIsVisible = 0;
			defaultConfigurationName = Release;
		};
		72DC8C15279EF7EF00ECB001 /* Build configuration list for PBXNativeTarget "StocksApp" */ = {
			isa = XCConfigurationList;
			buildConfigurations = (
				72DC8C16279EF7EF00ECB001 /* Debug */,
				72DC8C17279EF7EF00ECB001 /* Release */,
			);
			defaultConfigurationIsVisible = 0;
			defaultConfigurationName = Release;
		};
/* End XCConfigurationList section */
	};
	rootObject = 72DC8BFF279EF7ED00ECB001 /* Project object */;
}
